
Microsoft Visual Studio Solution File, Format Version 12.00
# Visual Studio Version 16
VisualStudioVersion = 16.0.30611.23
MinimumVisualStudioVersion = 10.0.40219.1
Project("{8BC9CEB8-8B4A-11D0-8D11-00A0C91BC942}") = "00_FFmpeg_VideoPlayer_StreamServer", "00_FFmpeg_VideoPlayer_StreamServer\00_FFmpeg_VideoPlayer_StreamServer.vcxproj", "{8A6B7D31-C252-42ED-B054-32B78D8F581D}"
EndProject
Project("{8BC9CEB8-8B4A-11D0-8D11-00A0C91BC942}") = "01_FFmpeg_DesktopCapture_StreamServer_SaveToDisk", "01_FFmpeg_DesktopCapture_StreamServer_SaveToDisk\01_FFmpeg_DesktopCapture_StreamServer_SaveToDisk.vcxproj", "{8A6B7D32-C253-42EE-B055-32B78D8F581E}"
EndProject
Project("{8BC9CEB8-8B4A-11D0-8D11-00A0C91BC942}") = "02_FFmpeg_DroidCapture", "02_FFmpeg_DroidCapture\02_FFmpeg_DroidCapture.vcxproj", "{8A6B7D33-C254-42EF-B056-32B78D8F581F}"
EndProject
Project("{8BC9CEB8-8B4A-11D0-8D11-00A0C91BC942}") = "03_FFmpeg_YAGui", "03_FFmpeg_YAGui\03_FFmpeg_YAGui.vcxproj", "{41CD1354-F4AD-4262-A909-0D427CED1A51}"
EndProject
Project("{8BC9CEB8-8B4A-11D0-8D11-00A0C91BC942}") = "04_FFmpeg_YAGuiDroidCapture", "04_FFmpeg_YAGuiDroidCapture\04_FFmpeg_YAGuiDroidCapture.vcxproj", "{41CD1355-F4AE-4263-A90A-0D427CED1A52}"
EndProject
Project("{8BC9CEB8-8B4A-11D0-8D11-00A0C91BC942}") = "05_FFmpeg_YAGuiDroidCapture_Orientation", "05_FFmpeg_YAGuiDroidCapture_Orientation\05_FFmpeg_YAGuiDroidCapture_Orientation.vcxproj", "{41CD1355-F4AE-4263-A90A-0D427CED1A53}"
EndProject
Project("{8BC9CEB8-8B4A-11D0-8D11-00A0C91BC942}") = "06_FFmpeg_YAGuiDroidCapture_PacketQueue", "06_FFmpeg_YAGuiDroidCapture_PacketQueue\06_FFmpeg_YAGuiDroidCapture_PacketQueue.vcxproj", "{41CD1355-F4AE-4263-A90A-0D427CED1A54}"
EndProject
Project("{8BC9CEB8-8B4A-11D0-8D11-00A0C91BC942}") = "07_FFmpeg_YAGuiDroidCapture_DragDrop", "07_FFmpeg_YAGuiDroidCapture_DragDrop\07_FFmpeg_YAGuiDroidCapture_DragDrop.vcxproj", "{41CD1356-F4AF-4264-A90B-0D427CED1A55}"
EndProject
Global
	GlobalSection(SolutionConfigurationPlatforms) = preSolution
		Debug|x64 = Debug|x64
		Debug|x86 = Debug|x86
		Release|x64 = Release|x64
		Release|x86 = Release|x86
	EndGlobalSection
	GlobalSection(ProjectConfigurationPlatforms) = postSolution
		{8A6B7D31-C252-42ED-B054-32B78D8F581D}.Debug|x64.ActiveCfg = Debug|x64
		{8A6B7D31-C252-42ED-B054-32B78D8F581D}.Debug|x64.Build.0 = Debug|x64
		{8A6B7D31-C252-42ED-B054-32B78D8F581D}.Debug|x86.ActiveCfg = Debug|Win32
		{8A6B7D31-C252-42ED-B054-32B78D8F581D}.Debug|x86.Build.0 = Debug|Win32
		{8A6B7D31-C252-42ED-B054-32B78D8F581D}.Release|x64.ActiveCfg = Release|x64
		{8A6B7D31-C252-42ED-B054-32B78D8F581D}.Release|x64.Build.0 = Release|x64
		{8A6B7D31-C252-42ED-B054-32B78D8F581D}.Release|x86.ActiveCfg = Release|Win32
		{8A6B7D31-C252-42ED-B054-32B78D8F581D}.Release|x86.Build.0 = Release|Win32
		{8A6B7D32-C253-42EE-B055-32B78D8F581E}.Debug|x64.ActiveCfg = Debug|x64
		{8A6B7D32-C253-42EE-B055-32B78D8F581E}.Debug|x64.Build.0 = Debug|x64
		{8A6B7D32-C253-42EE-B055-32B78D8F581E}.Debug|x86.ActiveCfg = Debug|Win32
		{8A6B7D32-C253-42EE-B055-32B78D8F581E}.Debug|x86.Build.0 = Debug|Win32
		{8A6B7D32-C253-42EE-B055-32B78D8F581E}.Release|x64.ActiveCfg = Release|x64
		{8A6B7D32-C253-42EE-B055-32B78D8F581E}.Release|x64.Build.0 = Release|x64
		{8A6B7D32-C253-42EE-B055-32B78D8F581E}.Release|x86.ActiveCfg = Release|Win32
		{8A6B7D32-C253-42EE-B055-32B78D8F581E}.Release|x86.Build.0 = Release|Win32
		{8A6B7D33-C254-42EF-B056-32B78D8F581F}.Debug|x64.ActiveCfg = Debug|x64
		{8A6B7D33-C254-42EF-B056-32B78D8F581F}.Debug|x64.Build.0 = Debug|x64
		{8A6B7D33-C254-42EF-B056-32B78D8F581F}.Debug|x86.ActiveCfg = Debug|Win32
		{8A6B7D33-C254-42EF-B056-32B78D8F581F}.Debug|x86.Build.0 = Debug|Win32
		{8A6B7D33-C254-42EF-B056-32B78D8F581F}.Release|x64.ActiveCfg = Release|x64
		{8A6B7D33-C254-42EF-B056-32B78D8F581F}.Release|x64.Build.0 = Release|x64
		{8A6B7D33-C254-42EF-B056-32B78D8F581F}.Release|x86.ActiveCfg = Release|Win32
		{8A6B7D33-C254-42EF-B056-32B78D8F581F}.Release|x86.Build.0 = Release|Win32
		{41CD1354-F4AD-4262-A909-0D427CED1A51}.Debug|x64.ActiveCfg = Debug|x64
		{41CD1354-F4AD-4262-A909-0D427CED1A51}.Debug|x64.Build.0 = Debug|x64
		{41CD1354-F4AD-4262-A909-0D427CED1A51}.Debug|x86.ActiveCfg = Debug|Win32
		{41CD1354-F4AD-4262-A909-0D427CED1A51}.Debug|x86.Build.0 = Debug|Win32
		{41CD1354-F4AD-4262-A909-0D427CED1A51}.Release|x64.ActiveCfg = Release|x64
		{41CD1354-F4AD-4262-A909-0D427CED1A51}.Release|x64.Build.0 = Release|x64
		{41CD1354-F4AD-4262-A909-0D427CED1A51}.Release|x86.ActiveCfg = Release|Win32
		{41CD1354-F4AD-4262-A909-0D427CED1A51}.Release|x86.Build.0 = Release|Win32
		{41CD1355-F4AE-4263-A90A-0D427CED1A52}.Debug|x64.ActiveCfg = Debug|x64
		{41CD1355-F4AE-4263-A90A-0D427CED1A52}.Debug|x64.Build.0 = Debug|x64
		{41CD1355-F4AE-4263-A90A-0D427CED1A52}.Debug|x86.ActiveCfg = Debug|Win32
		{41CD1355-F4AE-4263-A90A-0D427CED1A52}.Debug|x86.Build.0 = Debug|Win32
		{41CD1355-F4AE-4263-A90A-0D427CED1A52}.Release|x64.ActiveCfg = Release|x64
		{41CD1355-F4AE-4263-A90A-0D427CED1A52}.Release|x64.Build.0 = Release|x64
		{41CD1355-F4AE-4263-A90A-0D427CED1A52}.Release|x86.ActiveCfg = Release|Win32
		{41CD1355-F4AE-4263-A90A-0D427CED1A52}.Release|x86.Build.0 = Release|Win32
		{41CD1355-F4AE-4263-A90A-0D427CED1A53}.Debug|x64.ActiveCfg = Debug|x64
		{41CD1355-F4AE-4263-A90A-0D427CED1A53}.Debug|x64.Build.0 = Debug|x64
		{41CD1355-F4AE-4263-A90A-0D427CED1A53}.Debug|x86.ActiveCfg = Debug|Win32
		{41CD1355-F4AE-4263-A90A-0D427CED1A53}.Debug|x86.Build.0 = Debug|Win32
		{41CD1355-F4AE-4263-A90A-0D427CED1A53}.Release|x64.ActiveCfg = Release|x64
		{41CD1355-F4AE-4263-A90A-0D427CED1A53}.Release|x64.Build.0 = Release|x64
		{41CD1355-F4AE-4263-A90A-0D427CED1A53}.Release|x86.ActiveCfg = Release|Win32
		{41CD1355-F4AE-4263-A90A-0D427CED1A53}.Release|x86.Build.0 = Release|Win32
		{41CD1355-F4AE-4263-A90A-0D427CED1A54}.Debug|x64.ActiveCfg = Debug|x64
		{41CD1355-F4AE-4263-A90A-0D427CED1A54}.Debug|x64.Build.0 = Debug|x64
		{41CD1355-F4AE-4263-A90A-0D427CED1A54}.Debug|x86.ActiveCfg = Debug|Win32
		{41CD1355-F4AE-4263-A90A-0D427CED1A54}.Debug|x86.Build.0 = Debug|Win32
		{41CD1355-F4AE-4263-A90A-0D427CED1A54}.Release|x64.ActiveCfg = Release|x64
		{41CD1355-F4AE-4263-A90A-0D427CED1A54}.Release|x64.Build.0 = Release|x64
		{41CD1355-F4AE-4263-A90A-0D427CED1A54}.Release|x86.ActiveCfg = Release|Win32
		{41CD1355-F4AE-4263-A90A-0D427CED1A54}.Release|x86.Build.0 = Release|Win32
		{41CD1356-F4AF-4264-A90B-0D427CED1A55}.Debug|x64.ActiveCfg = Debug|x64
		{41CD1356-F4AF-4264-A90B-0D427CED1A55}.Debug|x64.Build.0 = Debug|x64
		{41CD1356-F4AF-4264-A90B-0D427CED1A55}.Debug|x86.ActiveCfg = Debug|Win32
		{41CD1356-F4AF-4264-A90B-0D427CED1A55}.Debug|x86.Build.0 = Debug|Win32
		{41CD1356-F4AF-4264-A90B-0D427CED1A55}.Release|x64.ActiveCfg = Release|x64
		{41CD1356-F4AF-4264-A90B-0D427CED1A55}.Release|x64.Build.0 = Release|x64
		{41CD1356-F4AF-4264-A90B-0D427CED1A55}.Release|x86.ActiveCfg = Release|Win32
		{41CD1356-F4AF-4264-A90B-0D427CED1A55}.Release|x86.Build.0 = Release|Win32
	EndGlobalSection
	GlobalSection(SolutionProperties) = preSolution
		HideSolutionNode = FALSE
	EndGlobalSection
	GlobalSection(ExtensibilityGlobals) = postSolution
		SolutionGuid = {B17D56B8-65AD-49A3-AAEE-0A4DEA05A033}
	EndGlobalSection
EndGlobal
