<?xml version="1.0" encoding="utf-8"?>
<Project ToolsVersion="4.0" xmlns="http://schemas.microsoft.com/developer/msbuild/2003">
  <ItemGroup>
    <Filter Include="Source Files">
      <UniqueIdentifier>{4FC737F1-C7A5-4376-A066-2A32D752A2FF}</UniqueIdentifier>
      <Extensions>cpp;c;cc;cxx;def;odl;idl;hpj;bat;asm;asmx</Extensions>
    </Filter>
    <Filter Include="Header Files">
      <UniqueIdentifier>{93995380-89BD-4b04-88EB-625FBE52EBFB}</UniqueIdentifier>
      <Extensions>h;hh;hpp;hxx;hm;inl;inc;ipp;xsd</Extensions>
    </Filter>
    <Filter Include="Resource Files">
      <UniqueIdentifier>{67DA6AB6-F800-4c08-8B7A-83BB121AAD01}</UniqueIdentifier>
      <Extensions>rc;ico;cur;bmp;dlg;rc2;rct;bin;rgs;gif;jpg;jpeg;jpe;resx;tiff;tif;png;wav;mfcribbon-ms</Extensions>
    </Filter>
    <Filter Include="Source Files\src">
      <UniqueIdentifier>{e2a3eb22-0d44-45ae-be49-03e0c15072f4}</UniqueIdentifier>
    </Filter>
    <Filter Include="include">
      <UniqueIdentifier>{513ed09f-8c9b-4d58-84ec-14a5a4fe610c}</UniqueIdentifier>
    </Filter>
  </ItemGroup>
  <ItemGroup>
    <ClCompile Include="src\main.cpp">
      <Filter>Source Files\src</Filter>
    </ClCompile>
    <ClCompile Include="src\Common\Image.cpp">
      <Filter>Source Files\src</Filter>
    </ClCompile>
    <ClCompile Include="src\Common\Pixel.cpp">
      <Filter>Source Files\src</Filter>
    </ClCompile>
    <ClCompile Include="src\Common\RandomAccessFile.cpp">
      <Filter>Source Files\src</Filter>
    </ClCompile>
    <ClCompile Include="src\Common\Sprite.cpp">
      <Filter>Source Files\src</Filter>
    </ClCompile>
    <ClCompile Include="src\Common\TGA.cpp">
      <Filter>Source Files\src</Filter>
    </ClCompile>
    <ClCompile Include="src\Engine\GameEngine.cpp">
      <Filter>Source Files</Filter>
    </ClCompile>
    <ClCompile Include="src\Engine\InputManager.cpp">
      <Filter>Source Files</Filter>
    </ClCompile>
    <ClCompile Include="src\Engine\Timer.cpp">
      <Filter>Source Files</Filter>
    </ClCompile>
    <ClCompile Include="src\Renderer\Graphics.cpp">
      <Filter>Source Files</Filter>
    </ClCompile>
    <ClCompile Include="src\Engine\UI\TTFFontEncoder.cpp">
      <Filter>Source Files</Filter>
    </ClCompile>
    <ClCompile Include="src\Engine\UI\WButton.cpp">
      <Filter>Source Files</Filter>
    </ClCompile>
    <ClCompile Include="src\Engine\UI\WCanvas.cpp">
      <Filter>Source Files</Filter>
    </ClCompile>
    <ClCompile Include="src\Engine\UI\WCheckbox.cpp">
      <Filter>Source Files</Filter>
    </ClCompile>
    <ClCompile Include="src\Engine\UI\WComboBox.cpp">
      <Filter>Source Files</Filter>
    </ClCompile>
    <ClCompile Include="src\Engine\UI\WComponent.cpp">
      <Filter>Source Files</Filter>
    </ClCompile>
    <ClCompile Include="src\Engine\UI\WComponentFactory.cpp">
      <Filter>Source Files</Filter>
    </ClCompile>
    <ClCompile Include="src\Engine\UI\WConsoleLog.cpp">
      <Filter>Source Files</Filter>
    </ClCompile>
    <ClCompile Include="src\Engine\UI\WContainer.cpp">
      <Filter>Source Files</Filter>
    </ClCompile>
    <ClCompile Include="src\Engine\UI\WDummy.cpp">
      <Filter>Source Files</Filter>
    </ClCompile>
    <ClCompile Include="src\Engine\UI\WFrame.cpp">
      <Filter>Source Files</Filter>
    </ClCompile>
    <ClCompile Include="src\Engine\UI\WGraph.cpp">
      <Filter>Source Files</Filter>
    </ClCompile>
    <ClCompile Include="src\Engine\UI\WInspector.cpp">
      <Filter>Source Files</Filter>
    </ClCompile>
    <ClCompile Include="src\Engine\UI\WInspectorTab.cpp">
      <Filter>Source Files</Filter>
    </ClCompile>
    <ClCompile Include="src\Engine\UI\WListBox.cpp">
      <Filter>Source Files</Filter>
    </ClCompile>
    <ClCompile Include="src\Engine\UI\WScrollbar.cpp">
      <Filter>Source Files</Filter>
    </ClCompile>
    <ClCompile Include="src\Engine\UI\WSlider.cpp">
      <Filter>Source Files</Filter>
    </ClCompile>
    <ClCompile Include="src\Engine\UI\WSprite.cpp">
      <Filter>Source Files</Filter>
    </ClCompile>
    <ClCompile Include="src\Engine\UI\WStatic.cpp">
      <Filter>Source Files</Filter>
    </ClCompile>
    <ClCompile Include="src\Engine\UI\WTabbedPane.cpp">
      <Filter>Source Files</Filter>
    </ClCompile>
    <ClCompile Include="src\Engine\UI\WTable.cpp">
      <Filter>Source Files</Filter>
    </ClCompile>
    <ClCompile Include="src\Engine\UI\WTextBox.cpp">
      <Filter>Source Files</Filter>
    </ClCompile>
    <ClCompile Include="src\Engine\UI\WTextField.cpp">
      <Filter>Source Files</Filter>
    </ClCompile>
    <ClCompile Include="src\Engine\UI\WTree.cpp">
      <Filter>Source Files</Filter>
    </ClCompile>
    <ClCompile Include="src\Engine\UI\WWidgetManager.cpp">
      <Filter>Source Files</Filter>
    </ClCompile>
    <ClCompile Include="src\Engine\UI\WWindow.cpp">
      <Filter>Source Files</Filter>
    </ClCompile>
    <ClCompile Include="src\Common\CCString.cpp">
      <Filter>Source Files</Filter>
    </ClCompile>
    <ClCompile Include="src\Engine\Texture.cpp">
      <Filter>Source Files</Filter>
    </ClCompile>
    <ClCompile Include="src\glad.c">
      <Filter>Source Files\src</Filter>
    </ClCompile>
  </ItemGroup>
  <ItemGroup>
    <ClInclude Include="include\Common\Defines.h">
      <Filter>Header Files</Filter>
    </ClInclude>
    <ClInclude Include="include\Common\Image.h">
      <Filter>Header Files</Filter>
    </ClInclude>
    <ClInclude Include="include\Common\Pixel.h">
      <Filter>Header Files</Filter>
    </ClInclude>
    <ClInclude Include="include\Common\RandomAccessFile.h">
      <Filter>Header Files</Filter>
    </ClInclude>
    <ClInclude Include="include\Common\Singleton.h">
      <Filter>Header Files</Filter>
    </ClInclude>
    <ClInclude Include="include\Common\Sprite.h">
      <Filter>Header Files</Filter>
    </ClInclude>
    <ClInclude Include="include\Common\TGA.h">
      <Filter>Header Files</Filter>
    </ClInclude>
    <ClInclude Include="include\Engine\GameEngine.h">
      <Filter>Header Files</Filter>
    </ClInclude>
    <ClInclude Include="include\Engine\InputManager.h">
      <Filter>Header Files</Filter>
    </ClInclude>
    <ClInclude Include="include\Engine\Timer.h">
      <Filter>Header Files</Filter>
    </ClInclude>
    <ClInclude Include="include\Renderer\Graphics.h">
      <Filter>Header Files</Filter>
    </ClInclude>
    <ClInclude Include="include\Engine\UI\StringUtil.h">
      <Filter>Header Files</Filter>
    </ClInclude>
    <ClInclude Include="include\Engine\UI\TTFFontEncoder.h">
      <Filter>Header Files</Filter>
    </ClInclude>
    <ClInclude Include="include\Engine\UI\UIDefines.h">
      <Filter>Header Files</Filter>
    </ClInclude>
    <ClInclude Include="include\Engine\UI\WButton.h">
      <Filter>Header Files</Filter>
    </ClInclude>
    <ClInclude Include="include\Engine\UI\WCanvas.h">
      <Filter>Header Files</Filter>
    </ClInclude>
    <ClInclude Include="include\Engine\UI\WCheckbox.h">
      <Filter>Header Files</Filter>
    </ClInclude>
    <ClInclude Include="include\Engine\UI\WComboBox.h">
      <Filter>Header Files</Filter>
    </ClInclude>
    <ClInclude Include="include\Engine\UI\WComponent.h">
      <Filter>Header Files</Filter>
    </ClInclude>
    <ClInclude Include="include\Engine\UI\WComponentFactory.h">
      <Filter>Header Files</Filter>
    </ClInclude>
    <ClInclude Include="include\Engine\UI\WConsoleLog.h">
      <Filter>Header Files</Filter>
    </ClInclude>
    <ClInclude Include="include\Engine\UI\WContainer.h">
      <Filter>Header Files</Filter>
    </ClInclude>
    <ClInclude Include="include\Engine\UI\WDummy.h">
      <Filter>Header Files</Filter>
    </ClInclude>
    <ClInclude Include="include\Engine\UI\WFrame.h">
      <Filter>Header Files</Filter>
    </ClInclude>
    <ClInclude Include="include\Engine\UI\WGraph.h">
      <Filter>Header Files</Filter>
    </ClInclude>
    <ClInclude Include="include\Engine\UI\widgetdef.h">
      <Filter>Header Files</Filter>
    </ClInclude>
    <ClInclude Include="include\Engine\UI\WInspector.h">
      <Filter>Header Files</Filter>
    </ClInclude>
    <ClInclude Include="include\Engine\UI\WInspectorTab.h">
      <Filter>Header Files</Filter>
    </ClInclude>
    <ClInclude Include="include\Engine\UI\WListBox.h">
      <Filter>Header Files</Filter>
    </ClInclude>
    <ClInclude Include="include\Engine\UI\WScrollbar.h">
      <Filter>Header Files</Filter>
    </ClInclude>
    <ClInclude Include="include\Engine\UI\WSlider.h">
      <Filter>Header Files</Filter>
    </ClInclude>
    <ClInclude Include="include\Engine\UI\WSprite.h">
      <Filter>Header Files</Filter>
    </ClInclude>
    <ClInclude Include="include\Engine\UI\WStatic.h">
      <Filter>Header Files</Filter>
    </ClInclude>
    <ClInclude Include="include\Engine\UI\WTabbedPane.h">
      <Filter>Header Files</Filter>
    </ClInclude>
    <ClInclude Include="include\Engine\UI\WTable.h">
      <Filter>Header Files</Filter>
    </ClInclude>
    <ClInclude Include="include\Engine\UI\WTextBox.h">
      <Filter>Header Files</Filter>
    </ClInclude>
    <ClInclude Include="include\Engine\UI\WTextField.h">
      <Filter>Header Files</Filter>
    </ClInclude>
    <ClInclude Include="include\Engine\UI\WTree.h">
      <Filter>Header Files</Filter>
    </ClInclude>
    <ClInclude Include="include\Engine\UI\WWidgetManager.h">
      <Filter>Header Files</Filter>
    </ClInclude>
    <ClInclude Include="include\Engine\UI\WWindow.h">
      <Filter>Header Files</Filter>
    </ClInclude>
    <ClInclude Include="include\Common\CCString.h">
      <Filter>Header Files</Filter>
    </ClInclude>
    <ClInclude Include="include\Engine\Texture.h">
      <Filter>Header Files</Filter>
    </ClInclude>
    <ClInclude Include="include\Common\stb_image.h">
      <Filter>Header Files</Filter>
    </ClInclude>
    <ClInclude Include="include\Common\shader.h">
      <Filter>Header Files</Filter>
    </ClInclude>
  </ItemGroup>
</Project>