<?xml version="1.0" encoding="utf-8"?>
<Project ToolsVersion="4.0" xmlns="http://schemas.microsoft.com/developer/msbuild/2003">
  <ItemGroup>
    <Filter Include="Source Files">
      <UniqueIdentifier>{4FC737F1-C7A5-4376-A066-2A32D752A2FF}</UniqueIdentifier>
      <Extensions>cpp;c;cc;cxx;def;odl;idl;hpj;bat;asm;asmx</Extensions>
    </Filter>
    <Filter Include="Header Files">
      <UniqueIdentifier>{93995380-89BD-4b04-88EB-625FBE52EBFB}</UniqueIdentifier>
      <Extensions>h;hh;hpp;hxx;hm;inl;inc;xsd</Extensions>
    </Filter>
    <Filter Include="Resource Files">
      <UniqueIdentifier>{67DA6AB6-F800-4c08-8B7A-83BB121AAD01}</UniqueIdentifier>
      <Extensions>rc;ico;cur;bmp;dlg;rc2;rct;bin;rgs;gif;jpg;jpeg;jpe;resx;tiff;tif;png;wav;mfcribbon-ms</Extensions>
    </Filter>
  </ItemGroup>
  <ItemGroup>
    <ClCompile Include="src\main.cpp">
      <Filter>Source Files</Filter>
    </ClCompile>
    <ClCompile Include="src\Engine\GameEngine.cpp">
      <Filter>Source Files</Filter>
    </ClCompile>
    <ClCompile Include="src\Engine\InputManager.cpp">
      <Filter>Source Files</Filter>
    </ClCompile>
    <ClCompile Include="src\Engine\Timer.cpp">
      <Filter>Source Files</Filter>
    </ClCompile>
    <ClCompile Include="src\Common\Pixel.cpp">
      <Filter>Source Files</Filter>
    </ClCompile>
    <ClCompile Include="src\Common\Sprite.cpp">
      <Filter>Source Files</Filter>
    </ClCompile>
    <ClCompile Include="src\Renderer\Graphics.cpp">
      <Filter>Source Files</Filter>
    </ClCompile>
    <ClCompile Include="src\FFmpeg\FFmpeg.cpp">
      <Filter>Source Files</Filter>
    </ClCompile>
    <ClCompile Include="src\Network\NetBase.cpp">
      <Filter>Source Files</Filter>
    </ClCompile>
    <ClCompile Include="src\Network\NetClient.cpp">
      <Filter>Source Files</Filter>
    </ClCompile>
    <ClCompile Include="src\Network\NetServer.cpp">
      <Filter>Source Files</Filter>
    </ClCompile>
    <ClCompile Include="src\Buffer\BufferedStream.cpp">
      <Filter>Source Files</Filter>
    </ClCompile>
    <ClCompile Include="src\Buffer\BufferedStreamReader.cpp">
      <Filter>Source Files</Filter>
    </ClCompile>
    <ClCompile Include="src\Buffer\BufferedStreamWriter.cpp">
      <Filter>Source Files</Filter>
    </ClCompile>
    <ClCompile Include="src\Common\Image.cpp">
      <Filter>Source Files</Filter>
    </ClCompile>
    <ClCompile Include="src\Common\RandomAccessFile.cpp">
      <Filter>Source Files</Filter>
    </ClCompile>
    <ClCompile Include="src\Common\TGA.cpp">
      <Filter>Source Files</Filter>
    </ClCompile>
    <ClCompile Include="src\glad.c">
      <Filter>Source Files</Filter>
    </ClCompile>
    <ClCompile Include="src\Engine\UI\WConsoleLog.cpp">
      <Filter>Source Files</Filter>
    </ClCompile>
    <ClCompile Include="src\Engine\UI\WContainer.cpp">
      <Filter>Source Files</Filter>
    </ClCompile>
    <ClCompile Include="src\Engine\UI\WDummy.cpp">
      <Filter>Source Files</Filter>
    </ClCompile>
    <ClCompile Include="src\Engine\UI\WFrame.cpp">
      <Filter>Source Files</Filter>
    </ClCompile>
    <ClCompile Include="src\Engine\UI\WGraph.cpp">
      <Filter>Source Files</Filter>
    </ClCompile>
    <ClCompile Include="src\Engine\UI\WInspector.cpp">
      <Filter>Source Files</Filter>
    </ClCompile>
    <ClCompile Include="src\Engine\UI\WInspectorTab.cpp">
      <Filter>Source Files</Filter>
    </ClCompile>
    <ClCompile Include="src\Engine\UI\WListBox.cpp">
      <Filter>Source Files</Filter>
    </ClCompile>
    <ClCompile Include="src\Engine\UI\WScrollbar.cpp">
      <Filter>Source Files</Filter>
    </ClCompile>
    <ClCompile Include="src\Engine\UI\WSlider.cpp">
      <Filter>Source Files</Filter>
    </ClCompile>
    <ClCompile Include="src\Engine\UI\WSprite.cpp">
      <Filter>Source Files</Filter>
    </ClCompile>
    <ClCompile Include="src\Engine\UI\WStatic.cpp">
      <Filter>Source Files</Filter>
    </ClCompile>
    <ClCompile Include="src\Engine\UI\WTabbedPane.cpp">
      <Filter>Source Files</Filter>
    </ClCompile>
    <ClCompile Include="src\Engine\UI\WTable.cpp">
      <Filter>Source Files</Filter>
    </ClCompile>
    <ClCompile Include="src\Engine\UI\WTextBox.cpp">
      <Filter>Source Files</Filter>
    </ClCompile>
    <ClCompile Include="src\Engine\UI\WTextField.cpp">
      <Filter>Source Files</Filter>
    </ClCompile>
    <ClCompile Include="src\Engine\UI\WTree.cpp">
      <Filter>Source Files</Filter>
    </ClCompile>
    <ClCompile Include="src\Engine\UI\WWidgetManager.cpp">
      <Filter>Source Files</Filter>
    </ClCompile>
    <ClCompile Include="src\Engine\UI\WWindow.cpp">
      <Filter>Source Files</Filter>
    </ClCompile>
    <ClCompile Include="src\Engine\UI\TTFFontEncoder.cpp">
      <Filter>Source Files</Filter>
    </ClCompile>
    <ClCompile Include="src\Engine\UI\WButton.cpp">
      <Filter>Source Files</Filter>
    </ClCompile>
    <ClCompile Include="src\Engine\UI\WCanvas.cpp">
      <Filter>Source Files</Filter>
    </ClCompile>
    <ClCompile Include="src\Engine\UI\WCheckbox.cpp">
      <Filter>Source Files</Filter>
    </ClCompile>
    <ClCompile Include="src\Engine\UI\WComboBox.cpp">
      <Filter>Source Files</Filter>
    </ClCompile>
    <ClCompile Include="src\Engine\UI\WComponent.cpp">
      <Filter>Source Files</Filter>
    </ClCompile>
    <ClCompile Include="src\Engine\UI\WComponentFactory.cpp">
      <Filter>Source Files</Filter>
    </ClCompile>
    <ClCompile Include="src\Engine\Texture.cpp">
      <Filter>Source Files</Filter>
    </ClCompile>
    <ClCompile Include="src\Common\CCString.cpp">
      <Filter>Source Files</Filter>
    </ClCompile>
    <ClCompile Include="src\QRCode\QrCode.cpp">
      <Filter>Source Files</Filter>
    </ClCompile>
  </ItemGroup>
  <ItemGroup>
    <ClInclude Include="include\Engine\GameEngine.h">
      <Filter>Header Files</Filter>
    </ClInclude>
    <ClInclude Include="include\Common\Defines.h">
      <Filter>Header Files</Filter>
    </ClInclude>
    <ClInclude Include="include\Engine\InputManager.h">
      <Filter>Header Files</Filter>
    </ClInclude>
    <ClInclude Include="include\Common\Singleton.h">
      <Filter>Header Files</Filter>
    </ClInclude>
    <ClInclude Include="include\Engine\Timer.h">
      <Filter>Header Files</Filter>
    </ClInclude>
    <ClInclude Include="include\Common\Pixel.h">
      <Filter>Header Files</Filter>
    </ClInclude>
    <ClInclude Include="include\Common\Sprite.h">
      <Filter>Header Files</Filter>
    </ClInclude>
    <ClInclude Include="include\Renderer\Graphics.h">
      <Filter>Header Files</Filter>
    </ClInclude>
    <ClInclude Include="include\FFmpeg\FFmpeg.h">
      <Filter>Header Files</Filter>
    </ClInclude>
    <ClInclude Include="include\Network\NetBase.h">
      <Filter>Header Files</Filter>
    </ClInclude>
    <ClInclude Include="include\Network\NetClient.h">
      <Filter>Header Files</Filter>
    </ClInclude>
    <ClInclude Include="include\Network\NetDefines.h">
      <Filter>Header Files</Filter>
    </ClInclude>
    <ClInclude Include="include\Network\NetServer.h">
      <Filter>Header Files</Filter>
    </ClInclude>
    <ClInclude Include="include\Buffer\BufferData.hpp">
      <Filter>Header Files</Filter>
    </ClInclude>
    <ClInclude Include="include\Buffer\BufferedStream.h">
      <Filter>Header Files</Filter>
    </ClInclude>
    <ClInclude Include="include\Buffer\BufferedStreamReader.h">
      <Filter>Header Files</Filter>
    </ClInclude>
    <ClInclude Include="include\Buffer\BufferedStreamWriter.h">
      <Filter>Header Files</Filter>
    </ClInclude>
    <ClInclude Include="include\Common\Image.h">
      <Filter>Header Files</Filter>
    </ClInclude>
    <ClInclude Include="include\Common\RandomAccessFile.h">
      <Filter>Header Files</Filter>
    </ClInclude>
    <ClInclude Include="include\Common\TGA.h">
      <Filter>Header Files</Filter>
    </ClInclude>
    <ClInclude Include="include\Engine\UI\WCheckbox.h">
      <Filter>Header Files</Filter>
    </ClInclude>
    <ClInclude Include="include\Engine\UI\WComboBox.h">
      <Filter>Header Files</Filter>
    </ClInclude>
    <ClInclude Include="include\Engine\UI\WComponent.h">
      <Filter>Header Files</Filter>
    </ClInclude>
    <ClInclude Include="include\Engine\UI\WComponentFactory.h">
      <Filter>Header Files</Filter>
    </ClInclude>
    <ClInclude Include="include\Engine\UI\WConsoleLog.h">
      <Filter>Header Files</Filter>
    </ClInclude>
    <ClInclude Include="include\Engine\UI\WContainer.h">
      <Filter>Header Files</Filter>
    </ClInclude>
    <ClInclude Include="include\Engine\UI\WDummy.h">
      <Filter>Header Files</Filter>
    </ClInclude>
    <ClInclude Include="include\Engine\UI\WFrame.h">
      <Filter>Header Files</Filter>
    </ClInclude>
    <ClInclude Include="include\Engine\UI\WGraph.h">
      <Filter>Header Files</Filter>
    </ClInclude>
    <ClInclude Include="include\Engine\UI\widgetdef.h">
      <Filter>Header Files</Filter>
    </ClInclude>
    <ClInclude Include="include\Engine\UI\WInspector.h">
      <Filter>Header Files</Filter>
    </ClInclude>
    <ClInclude Include="include\Engine\UI\WInspectorTab.h">
      <Filter>Header Files</Filter>
    </ClInclude>
    <ClInclude Include="include\Engine\UI\WListBox.h">
      <Filter>Header Files</Filter>
    </ClInclude>
    <ClInclude Include="include\Engine\UI\WScrollbar.h">
      <Filter>Header Files</Filter>
    </ClInclude>
    <ClInclude Include="include\Engine\UI\WSlider.h">
      <Filter>Header Files</Filter>
    </ClInclude>
    <ClInclude Include="include\Engine\UI\WSprite.h">
      <Filter>Header Files</Filter>
    </ClInclude>
    <ClInclude Include="include\Engine\UI\WStatic.h">
      <Filter>Header Files</Filter>
    </ClInclude>
    <ClInclude Include="include\Engine\UI\WTabbedPane.h">
      <Filter>Header Files</Filter>
    </ClInclude>
    <ClInclude Include="include\Engine\UI\WTable.h">
      <Filter>Header Files</Filter>
    </ClInclude>
    <ClInclude Include="include\Engine\UI\WTextBox.h">
      <Filter>Header Files</Filter>
    </ClInclude>
    <ClInclude Include="include\Engine\UI\WTextField.h">
      <Filter>Header Files</Filter>
    </ClInclude>
    <ClInclude Include="include\Engine\UI\WTree.h">
      <Filter>Header Files</Filter>
    </ClInclude>
    <ClInclude Include="include\Engine\UI\WWidgetManager.h">
      <Filter>Header Files</Filter>
    </ClInclude>
    <ClInclude Include="include\Engine\UI\WWindow.h">
      <Filter>Header Files</Filter>
    </ClInclude>
    <ClInclude Include="include\Engine\UI\StringUtil.h">
      <Filter>Header Files</Filter>
    </ClInclude>
    <ClInclude Include="include\Engine\UI\TTFFontEncoder.h">
      <Filter>Header Files</Filter>
    </ClInclude>
    <ClInclude Include="include\Engine\UI\UIDefines.h">
      <Filter>Header Files</Filter>
    </ClInclude>
    <ClInclude Include="include\Engine\UI\WButton.h">
      <Filter>Header Files</Filter>
    </ClInclude>
    <ClInclude Include="include\Engine\UI\WCanvas.h">
      <Filter>Header Files</Filter>
    </ClInclude>
    <ClInclude Include="include\Engine\Texture.h">
      <Filter>Header Files</Filter>
    </ClInclude>
    <ClInclude Include="include\Common\CCString.h">
      <Filter>Header Files</Filter>
    </ClInclude>
    <ClInclude Include="include\QRCode\QrCode.hpp">
      <Filter>Header Files</Filter>
    </ClInclude>
    <ClInclude Include="include\Common\ObjectQueue.hpp">
      <Filter>Header Files</Filter>
    </ClInclude>
    <ClInclude Include="include\Common\ObjectPool.hpp">
      <Filter>Header Files</Filter>
    </ClInclude>
    <ClInclude Include="include\Common\Object.hpp">
      <Filter>Header Files</Filter>
    </ClInclude>
  </ItemGroup>
  <ItemGroup>
    <None Include="DroidServer\com\ea\remotecontrol\reflection\WindowManager.java" />
    <None Include="DroidServer\aidl\android\content\IOnPrimaryClipChangedListener.aidl" />
    <None Include="DroidServer\aidl\android\view\IRotationWatcher.aidl" />
    <None Include="DroidServer\java\android\content\IOnPrimaryClipChangedListener.java" />
    <None Include="DroidServer\java\android\view\IRotationWatcher.java" />
    <None Include="DroidServer\java\com\ea\remotecontrol\TestServer.java" />
    <None Include="DroidServer\java\com\ea\remotecontrol\TestServerTest.java" />
    <None Include="DroidServer\java\com\ea\remotecontrol\RemoteClient.java" />
    <None Include="DroidServer\java\com\ea\remotecontrol\RemoteServer.java" />
    <None Include="DroidServer\java\com\ea\remotecontrol\common\DisplayInfo.java" />
    <None Include="DroidServer\java\com\ea\remotecontrol\common\IO.java" />
    <None Include="DroidServer\java\com\ea\remotecontrol\common\LogD.java" />
    <None Include="DroidServer\java\com\ea\remotecontrol\common\ScreenEncoder.java" />
    <None Include="DroidServer\java\com\ea\remotecontrol\common\Size.java" />
    <None Include="DroidServer\java\com\ea\remotecontrol\reflection\InputManager.java" />
    <None Include="DroidServer\java\com\ea\remotecontrol\reflection\PowerManager.java" />
    <None Include="DroidServer\java\com\ea\remotecontrol\reflection\ServiceManager.java" />
    <None Include="DroidServer\java\com\ea\remotecontrol\reflection\SurfaceManager.java" />
    <None Include="DroidServer\java\com\ea\remotecontrol\reflection\WindowManager.java" />
    <None Include="DroidServer\java\com\ea\remotecontrol\reflection\DisplayManager.java" />
    <None Include="DroidServer\java\com\genymobile\scrcpy\Server.java" />
    <None Include="DroidServer\6. CopyClientToDest.bat">
      <Filter>Source Files</Filter>
    </None>
    <None Include="DroidServer\MakeMyScrcpy.bat">
      <Filter>Source Files</Filter>
    </None>
    <None Include="DroidServer\__MakeGenymotionServer.bat">
      <Filter>Source Files</Filter>
    </None>
    <None Include="DroidServer\__MakeRemoteClient.bat">
      <Filter>Source Files</Filter>
    </None>
    <None Include="DroidServer\__MakeRemoteServer.bat">
      <Filter>Source Files</Filter>
    </None>
    <None Include="DroidServer\_BuildInternalClient.bat">
      <Filter>Source Files</Filter>
    </None>
    <None Include="DroidServer\_BuildInternalServer.bat">
      <Filter>Source Files</Filter>
    </None>
    <None Include="DroidServer\_MakeTestServer.bat">
      <Filter>Source Files</Filter>
    </None>
    <None Include="DroidServer\0. JavaToAidl.bat">
      <Filter>Source Files</Filter>
    </None>
    <None Include="DroidServer\1. CompileSource.bat">
      <Filter>Source Files</Filter>
    </None>
    <None Include="DroidServer\2. DexIt.bat">
      <Filter>Source Files</Filter>
    </None>
    <None Include="DroidServer\3. PackageAnAPK.bat">
      <Filter>Source Files</Filter>
    </None>
    <None Include="DroidServer\3. PackageInAJar.bat">
      <Filter>Source Files</Filter>
    </None>
    <None Include="DroidServer\4. PushToDevice.bat">
      <Filter>Source Files</Filter>
    </None>
    <None Include="DroidServer\5. Executing.bat">
      <Filter>Source Files</Filter>
    </None>
    <None Include="DroidServer\java\com\ea\remotecontrol\common\Device.java" />
  </ItemGroup>
</Project>